
Microsoft Visual Studio Solution File, Format Version 12.00
# Visual Studio Version 17
VisualStudioVersion = 17.0.31903.59
MinimumVisualStudioVersion = 10.0.40219.1
Project("{FAE04EC0-301F-11D3-BF4B-00C04F79EFBC}") = "VolunteerConnect.API", "VolunteerConnect.API\VolunteerConnect.API.csproj", "{CD544AD8-F4C5-42AB-A70B-2BB1F5FC7C68}"
EndProject
Project("{FAE04EC0-301F-11D3-BF4B-00C04F79EFBC}") = "VolunteerConnect.Core", "VolunteerConnect.Core\VolunteerConnect.Core.csproj", "{CF675A43-BF87-41D6-B67A-13B5EB022297}"
EndProject
Project("{FAE04EC0-301F-11D3-BF4B-00C04F79EFBC}") = "VolunteerConnect.Data", "VolunteerConnect.Data\VolunteerConnect.Data.csproj", "{230D329A-277E-487A-8F53-76B5F04A8495}"
EndProject
Global
	GlobalSection(SolutionConfigurationPlatforms) = preSolution
		Debug|Any CPU = Debug|Any CPU
		Release|Any CPU = Release|Any CPU
	EndGlobalSection
	GlobalSection(SolutionProperties) = preSolution
		HideSolutionNode = FALSE
	EndGlobalSection
	GlobalSection(ProjectConfigurationPlatforms) = postSolution
		{CD544AD8-F4C5-42AB-A70B-2BB1F5FC7C68}.Debug|Any CPU.ActiveCfg = Debug|Any CPU
		{CD544AD8-F4C5-42AB-A70B-2BB1F5FC7C68}.Debug|Any CPU.Build.0 = Debug|Any CPU
		{CD544AD8-F4C5-42AB-A70B-2BB1F5FC7C68}.Release|Any CPU.ActiveCfg = Release|Any CPU
		{CD544AD8-F4C5-42AB-A70B-2BB1F5FC7C68}.Release|Any CPU.Build.0 = Release|Any CPU
		{CF675A43-BF87-41D6-B67A-13B5EB022297}.Debug|Any CPU.ActiveCfg = Debug|Any CPU
		{CF675A43-BF87-41D6-B67A-13B5EB022297}.Debug|Any CPU.Build.0 = Debug|Any CPU
		{CF675A43-BF87-41D6-B67A-13B5EB022297}.Release|Any CPU.ActiveCfg = Release|Any CPU
		{CF675A43-BF87-41D6-B67A-13B5EB022297}.Release|Any CPU.Build.0 = Release|Any CPU
		{230D329A-277E-487A-8F53-76B5F04A8495}.Debug|Any CPU.ActiveCfg = Debug|Any CPU
		{230D329A-277E-487A-8F53-76B5F04A8495}.Debug|Any CPU.Build.0 = Debug|Any CPU
		{230D329A-277E-487A-8F53-76B5F04A8495}.Release|Any CPU.ActiveCfg = Release|Any CPU
		{230D329A-277E-487A-8F53-76B5F04A8495}.Release|Any CPU.Build.0 = Release|Any CPU
	EndGlobalSection
EndGlobal
